
Microsoft Visual Studio Solution File, Format Version 12.00
# Visual Studio Version 17
VisualStudioVersion = 17.1.32210.238
MinimumVisualStudioVersion = 10.0.40219.1
Project("{FAE04EC0-301F-11D3-BF4B-00C04F79EFBC}") = "MVVM_Beispiel", "MVVM_Beispiel.csproj", "{B6A0A992-8B14-45D9-9AEF-ECBAFB7CF0E7}"
EndProject
Global
	GlobalSection(SolutionConfigurationPlatforms) = preSolution
		Debug|Any CPU = Debug|Any CPU
		Release|Any CPU = Release|Any CPU
	EndGlobalSection
	GlobalSection(ProjectConfigurationPlatforms) = postSolution
		{B6A0A992-8B14-45D9-9AEF-ECBAFB7CF0E7}.Debug|Any CPU.ActiveCfg = Debug|Any CPU
		{B6A0A992-8B14-45D9-9AEF-ECBAFB7CF0E7}.Debug|Any CPU.Build.0 = Debug|Any CPU
		{B6A0A992-8B14-45D9-9AEF-ECBAFB7CF0E7}.Release|Any CPU.ActiveCfg = Release|Any CPU
		{B6A0A992-8B14-45D9-9AEF-ECBAFB7CF0E7}.Release|Any CPU.Build.0 = Release|Any CPU
	EndGlobalSection
	GlobalSection(SolutionProperties) = preSolution
		HideSolutionNode = FALSE
	EndGlobalSection
	GlobalSection(ExtensibilityGlobals) = postSolution
		SolutionGuid = {BBC05804-D25F-4FC3-B111-132373B23E16}
	EndGlobalSection
EndGlobal
